// !$*UTF8*$!
{
	archiveVersion = 1;
	classes = {
	};
	objectVersion = 50;
	objects = {

/* Begin PBXBuildFile section */
		066BB806244ACA7D00C607CC /* AppDelegate.swift in Sources */ = {isa = PBXBuildFile; fileRef = 066BB805244ACA7D00C607CC /* AppDelegate.swift */; };
		066BB808244ACA7D00C607CC /* SceneDelegate.swift in Sources */ = {isa = PBXBuildFile; fileRef = 066BB807244ACA7D00C607CC /* SceneDelegate.swift */; };
		066BB80A244ACA7D00C607CC /* ViewController.swift in Sources */ = {isa = PBXBuildFile; fileRef = 066BB809244ACA7D00C607CC /* ViewController.swift */; };
		066BB80D244ACA7D00C607CC /* Main.storyboard in Resources */ = {isa = PBXBuildFile; fileRef = 066BB80B244ACA7D00C607CC /* Main.storyboard */; };
		066BB80F244ACA7D00C607CC /* Assets.xcassets in Resources */ = {isa = PBXBuildFile; fileRef = 066BB80E244ACA7D00C607CC /* Assets.xcassets */; };
		066BB812244ACA7D00C607CC /* LaunchScreen.storyboard in Resources */ = {isa = PBXBuildFile; fileRef = 066BB810244ACA7D00C607CC /* LaunchScreen.storyboard */; };
/* End PBXBuildFile section */

/* Begin PBXFileReference section */
		066BB802244ACA7D00C607CC /* SOPT_iOS_1TH_Assignment.app */ = {isa = PBXFileReference; explicitFileType = wrapper.application; includeInIndex = 0; path = SOPT_iOS_1TH_Assignment.app; sourceTree = BUILT_PRODUCTS_DIR; };
		066BB805244ACA7D00C607CC /* AppDelegate.swift */ = {isa = PBXFileReference; lastKnownFileType = sourcecode.swift; path = AppDelegate.swift; sourceTree = "<group>"; };
		066BB807244ACA7D00C607CC /* SceneDelegate.swift */ = {isa = PBXFileReference; lastKnownFileType = sourcecode.swift; path = SceneDelegate.swift; sourceTree = "<group>"; };
		066BB809244ACA7D00C607CC /* ViewController.swift */ = {isa = PBXFileReference; lastKnownFileType = sourcecode.swift; path = ViewController.swift; sourceTree = "<group>"; };
		066BB80C244ACA7D00C607CC /* Base */ = {isa = PBXFileReference; lastKnownFileType = file.storyboard; name = Base; path = Base.lproj/Main.storyboard; sourceTree = "<group>"; };
		066BB80E244ACA7D00C607CC /* Assets.xcassets */ = {isa = PBXFileReference; lastKnownFileType = folder.assetcatalog; path = Assets.xcassets; sourceTree = "<group>"; };
		066BB811244ACA7D00C607CC /* Base */ = {isa = PBXFileReference; lastKnownFileType = file.storyboard; name = Base; path = Base.lproj/LaunchScreen.storyboard; sourceTree = "<group>"; };
		066BB813244ACA7D00C607CC /* Info.plist */ = {isa = PBXFileReference; lastKnownFileType = text.plist.xml; path = Info.plist; sourceTree = "<group>"; };
/* End PBXFileReference section */

/* Begin PBXFrameworksBuildPhase section */
		066BB7FF244ACA7D00C607CC /* Frameworks */ = {
			isa = PBXFrameworksBuildPhase;
			buildActionMask = 2147483647;
			files = (
			);
			runOnlyForDeploymentPostprocessing = 0;
		};
/* End PBXFrameworksBuildPhase section */

/* Begin PBXGroup section */
		066BB7F9244ACA7D00C607CC = {
			isa = PBXGroup;
			children = (
				066BB804244ACA7D00C607CC /* SOPT_iOS_1TH_Assignment */,
				066BB803244ACA7D00C607CC /* Products */,
			);
			sourceTree = "<group>";
		};
		066BB803244ACA7D00C607CC /* Products */ = {
			isa = PBXGroup;
			children = (
				066BB802244ACA7D00C607CC /* SOPT_iOS_1TH_Assignment.app */,
			);
			name = Products;
			sourceTree = "<group>";
		};
		066BB804244ACA7D00C607CC /* SOPT_iOS_1TH_Assignment */ = {
			isa = PBXGroup;
			children = (
				066BB805244ACA7D00C607CC /* AppDelegate.swift */,
				066BB807244ACA7D00C607CC /* SceneDelegate.swift */,
				066BB809244ACA7D00C607CC /* ViewController.swift */,
				066BB80B244ACA7D00C607CC /* Main.storyboard */,
				066BB80E244ACA7D00C607CC /* Assets.xcassets */,
				066BB810244ACA7D00C607CC /* LaunchScreen.storyboard */,
				066BB813244ACA7D00C607CC /* Info.plist */,
			);
			path = SOPT_iOS_1TH_Assignment;
			sourceTree = "<group>";
		};
/* End PBXGroup section */

/* Begin PBXNativeTarget section */
		066BB801244ACA7D00C607CC /* SOPT_iOS_1TH_Assignment */ = {
			isa = PBXNativeTarget;
			buildConfigurationList = 066BB816244ACA7D00C607CC /* Build configuration list for PBXNativeTarget "SOPT_iOS_1TH_Assignment" */;
			buildPhases = (
				066BB7FE244ACA7D00C607CC /* Sources */,
				066BB7FF244ACA7D00C607CC /* Frameworks */,
				066BB800244ACA7D00C607CC /* Resources */,
			);
			buildRules = (
			);
			dependencies = (
			);
			name = SOPT_iOS_1TH_Assignment;
			productName = SOPT_iOS_1TH_Assignment;
			productReference = 066BB802244ACA7D00C607CC /* SOPT_iOS_1TH_Assignment.app */;
			productType = "com.apple.product-type.application";
		};
/* End PBXNativeTarget section */

/* Begin PBXProject section */
		066BB7FA244ACA7D00C607CC /* Project object */ = {
			isa = PBXProject;
			attributes = {
				LastSwiftUpdateCheck = 1130;
				LastUpgradeCheck = 1130;
				ORGANIZATIONNAME = ns;
				TargetAttributes = {
					066BB801244ACA7D00C607CC = {
						CreatedOnToolsVersion = 11.3.1;
					};
				};
			};
			buildConfigurationList = 066BB7FD244ACA7D00C607CC /* Build configuration list for PBXProject "SOPT_iOS_1TH_Assignment" */;
			compatibilityVersion = "Xcode 9.3";
			developmentRegion = en;
			hasScannedForEncodings = 0;
			knownRegions = (
				en,
				Base,
			);
			mainGroup = 066BB7F9244ACA7D00C607CC;
			productRefGroup = 066BB803244ACA7D00C607CC /* Products */;
			projectDirPath = "";
			projectRoot = "";
			targets = (
				066BB801244ACA7D00C607CC /* SOPT_iOS_1TH_Assignment */,
			);
		};
/* End PBXProject section */

/* Begin PBXResourcesBuildPhase section */
		066BB800244ACA7D00C607CC /* Resources */ = {
			isa = PBXResourcesBuildPhase;
			buildActionMask = 2147483647;
			files = (
				066BB812244ACA7D00C607CC /* LaunchScreen.storyboard in Resources */,
				066BB80F244ACA7D00C607CC /* Assets.xcassets in Resources */,
				066BB80D244ACA7D00C607CC /* Main.storyboard in Resources */,
			);
			runOnlyForDeploymentPostprocessing = 0;
		};
/* End PBXResourcesBuildPhase section */

/* Begin PBXSourcesBuildPhase section */
		066BB7FE244ACA7D00C607CC /* Sources */ = {
			isa = PBXSourcesBuildPhase;
			buildActionMask = 2147483647;
			files = (
				066BB80A244ACA7D00C607CC /* ViewController.swift in Sources */,
				066BB806244ACA7D00C607CC /* AppDelegate.swift in Sources */,
				066BB808244ACA7D00C607CC /* SceneDelegate.swift in Sources */,
			);
			runOnlyForDeploymentPostprocessing = 0;
		};
/* End PBXSourcesBuildPhase section */

/* Begin PBXVariantGroup section */
		066BB80B244ACA7D00C607CC /* Main.storyboard */ = {
			isa = PBXVariantGroup;
			children = (
				066BB80C244ACA7D00C607CC /* Base */,
			);
			name = Main.storyboard;
			sourceTree = "<group>";
		};
		066BB810244ACA7D00C607CC /* LaunchScreen.storyboard */ = {
			isa = PBXVariantGroup;
			children = (
				066BB811244ACA7D00C607CC /* Base */,
			);
			name = LaunchScreen.storyboard;
			sourceTree = "<group>";
		};
/* End PBXVariantGroup section */

/* Begin XCBuildConfiguration section */
		066BB814244ACA7D00C607CC /* Debug */ = {
			isa = XCBuildConfiguration;
			buildSettings = {
				ALWAYS_SEARCH_USER_PATHS = NO;
				CLANG_ANALYZER_NONNULL = YES;
				CLANG_ANALYZER_NUMBER_OBJECT_CONVERSION = YES_AGGRESSIVE;
				CLANG_CXX_LANGUAGE_STANDARD = "gnu++14";
				CLANG_CXX_LIBRARY = "libc++";
				CLANG_ENABLE_MODULES = YES;
				CLANG_ENABLE_OBJC_ARC = YES;
				CLANG_ENABLE_OBJC_WEAK = YES;
				CLANG_WARN_BLOCK_CAPTURE_AUTORELEASING = YES;
				CLANG_WARN_BOOL_CONVERSION = YES;
				CLANG_WARN_COMMA = YES;
				CLANG_WARN_CONSTANT_CONVERSION = YES;
				CLANG_WARN_DEPRECATED_OBJC_IMPLEMENTATIONS = YES;
				CLANG_WARN_DIRECT_OBJC_ISA_USAGE = YES_ERROR;
				CLANG_WARN_DOCUMENTATION_COMMENTS = YES;
				CLANG_WARN_EMPTY_BODY = YES;
				CLANG_WARN_ENUM_CONVERSION = YES;
				CLANG_WARN_INFINITE_RECURSION = YES;
				CLANG_WARN_INT_CONVERSION = YES;
				CLANG_WARN_NON_LITERAL_NULL_CONVERSION = YES;
				CLANG_WARN_OBJC_IMPLICIT_RETAIN_SELF = YES;
				CLANG_WARN_OBJC_LITERAL_CONVERSION = YES;
				CLANG_WARN_OBJC_ROOT_CLASS = YES_ERROR;
				CLANG_WARN_RANGE_LOOP_ANALYSIS = YES;
				CLANG_WARN_STRICT_PROTOTYPES = YES;
				CLANG_WARN_SUSPICIOUS_MOVE = YES;
				CLANG_WARN_UNGUARDED_AVAILABILITY = YES_AGGRESSIVE;
				CLANG_WARN_UNREACHABLE_CODE = YES;
				CLANG_WARN__DUPLICATE_METHOD_MATCH = YES;
				COPY_PHASE_STRIP = NO;
				DEBUG_INFORMATION_FORMAT = dwarf;
				ENABLE_STRICT_OBJC_MSGSEND = YES;
				ENABLE_TESTABILITY = YES;
				GCC_C_LANGUAGE_STANDARD = gnu11;
				GCC_DYNAMIC_NO_PIC = NO;
				GCC_NO_COMMON_BLOCKS = YES;
				GCC_OPTIMIZATION_LEVEL = 0;
				GCC_PREPROCESSOR_DEFINITIONS = (
					"DEBUG=1",
					"$(inherited)",
				);
				GCC_WARN_64_TO_32_BIT_CONVERSION = YES;
				GCC_WARN_ABOUT_RETURN_TYPE = YES_ERROR;
				GCC_WARN_UNDECLARED_SELECTOR = YES;
				GCC_WARN_UNINITIALIZED_AUTOS = YES_AGGRESSIVE;
				GCC_WARN_UNUSED_FUNCTION = YES;
				GCC_WARN_UNUSED_VARIABLE = YES;
				IPHONEOS_DEPLOYMENT_TARGET = 13.2;
				MTL_ENABLE_DEBUG_INFO = INCLUDE_SOURCE;
				MTL_FAST_MATH = YES;
				ONLY_ACTIVE_ARCH = YES;
				SDKROOT = iphoneos;
				SWIFT_ACTIVE_COMPILATION_CONDITIONS = DEBUG;
				SWIFT_OPTIMIZATION_LEVEL = "-Onone";
			};
			name = Debug;
		};
		066BB815244ACA7D00C607CC /* Release */ = {
			isa = XCBuildConfiguration;
			buildSettings = {
				ALWAYS_SEARCH_USER_PATHS = NO;
				CLANG_ANALYZER_NONNULL = YES;
				CLANG_ANALYZER_NUMBER_OBJECT_CONVERSION = YES_AGGRESSIVE;
				CLANG_CXX_LANGUAGE_STANDARD = "gnu++14";
				CLANG_CXX_LIBRARY = "libc++";
				CLANG_ENABLE_MODULES = YES;
				CLANG_ENABLE_OBJC_ARC = YES;
				CLANG_ENABLE_OBJC_WEAK = YES;
				CLANG_WARN_BLOCK_CAPTURE_AUTORELEASING = YES;
				CLANG_WARN_BOOL_CONVERSION = YES;
				CLANG_WARN_COMMA = YES;
				CLANG_WARN_CONSTANT_CONVERSION = YES;
				CLANG_WARN_DEPRECATED_OBJC_IMPLEMENTATIONS = YES;
				CLANG_WARN_DIRECT_OBJC_ISA_USAGE = YES_ERROR;
				CLANG_WARN_DOCUMENTATION_COMMENTS = YES;
				CLANG_WARN_EMPTY_BODY = YES;
				CLANG_WARN_ENUM_CONVERSION = YES;
				CLANG_WARN_INFINITE_RECURSION = YES;
				CLANG_WARN_INT_CONVERSION = YES;
				CLANG_WARN_NON_LITERAL_NULL_CONVERSION = YES;
				CLANG_WARN_OBJC_IMPLICIT_RETAIN_SELF = YES;
				CLANG_WARN_OBJC_LITERAL_CONVERSION = YES;
				CLANG_WARN_OBJC_ROOT_CLASS = YES_ERROR;
				CLANG_WARN_RANGE_LOOP_ANALYSIS = YES;
				CLANG_WARN_STRICT_PROTOTYPES = YES;
				CLANG_WARN_SUSPICIOUS_MOVE = YES;
				CLANG_WARN_UNGUARDED_AVAILABILITY = YES_AGGRESSIVE;
				CLANG_WARN_UNREACHABLE_CODE = YES;
				CLANG_WARN__DUPLICATE_METHOD_MATCH = YES;
				COPY_PHASE_STRIP = NO;
				DEBUG_INFORMATION_FORMAT = "dwarf-with-dsym";
				ENABLE_NS_ASSERTIONS = NO;
				ENABLE_STRICT_OBJC_MSGSEND = YES;
				GCC_C_LANGUAGE_STANDARD = gnu11;
				GCC_NO_COMMON_BLOCKS = YES;
				GCC_WARN_64_TO_32_BIT_CONVERSION = YES;
				GCC_WARN_ABOUT_RETURN_TYPE = YES_ERROR;
				GCC_WARN_UNDECLARED_SELECTOR = YES;
				GCC_WARN_UNINITIALIZED_AUTOS = YES_AGGRESSIVE;
				GCC_WARN_UNUSED_FUNCTION = YES;
				GCC_WARN_UNUSED_VARIABLE = YES;
				IPHONEOS_DEPLOYMENT_TARGET = 13.2;
				MTL_ENABLE_DEBUG_INFO = NO;
				MTL_FAST_MATH = YES;
				SDKROOT = iphoneos;
				SWIFT_COMPILATION_MODE = wholemodule;
				SWIFT_OPTIMIZATION_LEVEL = "-O";
				VALIDATE_PRODUCT = YES;
			};
			name = Release;
		};
		066BB817244ACA7D00C607CC /* Debug */ = {
			isa = XCBuildConfiguration;
			buildSettings = {
				ASSETCATALOG_COMPILER_APPICON_NAME = AppIcon;
				CODE_SIGN_STYLE = Automatic;
				DEVELOPMENT_TEAM = 7Z2CV7TB8R;
				INFOPLIST_FILE = SOPT_iOS_1TH_Assignment/Info.plist;
				LD_RUNPATH_SEARCH_PATHS = (
					"$(inherited)",
					"@executable_path/Frameworks",
				);
				PRODUCT_BUNDLE_IDENTIFIER = "ns.SOPT-iOS-1TH-Assignment";
				PRODUCT_NAME = "$(TARGET_NAME)";
				SWIFT_VERSION = 5.0;
				TARGETED_DEVICE_FAMILY = "1,2";
			};
			name = Debug;
		};
		066BB818244ACA7D00C607CC /* Release */ = {
			isa = XCBuildConfiguration;
			buildSettings = {
				ASSETCATALOG_COMPILER_APPICON_NAME = AppIcon;
				CODE_SIGN_STYLE = Automatic;
				DEVELOPMENT_TEAM = 7Z2CV7TB8R;
				INFOPLIST_FILE = SOPT_iOS_1TH_Assignment/Info.plist;
				LD_RUNPATH_SEARCH_PATHS = (
					"$(inherited)",
					"@executable_path/Frameworks",
				);
				PRODUCT_BUNDLE_IDENTIFIER = "ns.SOPT-iOS-1TH-Assignment";
				PRODUCT_NAME = "$(TARGET_NAME)";
				SWIFT_VERSION = 5.0;
				TARGETED_DEVICE_FAMILY = "1,2";
			};
			name = Release;
		};
/* End XCBuildConfiguration section */

/* Begin XCConfigurationList section */
		066BB7FD244ACA7D00C607CC /* Build configuration list for PBXProject "SOPT_iOS_1TH_Assignment" */ = {
			isa = XCConfigurationList;
			buildConfigurations = (
				066BB814244ACA7D00C607CC /* Debug */,
				066BB815244ACA7D00C607CC /* Release */,
			);
			defaultConfigurationIsVisible = 0;
			defaultConfigurationName = Release;
		};
		066BB816244ACA7D00C607CC /* Build configuration list for PBXNativeTarget "SOPT_iOS_1TH_Assignment" */ = {
			isa = XCConfigurationList;
			buildConfigurations = (
				066BB817244ACA7D00C607CC /* Debug */,
				066BB818244ACA7D00C607CC /* Release */,
			);
			defaultConfigurationIsVisible = 0;
			defaultConfigurationName = Release;
		};
/* End XCConfigurationList section */
	};
	rootObject = 066BB7FA244ACA7D00C607CC /* Project object */;
}
