// !$*UTF8*$!
{
	archiveVersion = 1;
	classes = {
	};
	objectVersion = 51;
	objects = {

/* Begin PBXBuildFile section */
		0627BBD12455DCEA0054A19C /* UILabel+Extension.swift in Sources */ = {isa = PBXBuildFile; fileRef = 0627BBD02455DCEA0054A19C /* UILabel+Extension.swift */; };
		0631934E246A899E009144BB /* FriendViewController.swift in Sources */ = {isa = PBXBuildFile; fileRef = 0631934D246A899E009144BB /* FriendViewController.swift */; };
		06319352246A8D5C009144BB /* MockFriendModel.swift in Sources */ = {isa = PBXBuildFile; fileRef = 06319351246A8D5C009144BB /* MockFriendModel.swift */; };
		06319354246A9107009144BB /* FriendTableViewCell.swift in Sources */ = {isa = PBXBuildFile; fileRef = 06319353246A9107009144BB /* FriendTableViewCell.swift */; };
		06319356246A9148009144BB /* HeaderTableViewCell.swift in Sources */ = {isa = PBXBuildFile; fileRef = 06319355246A9148009144BB /* HeaderTableViewCell.swift */; };
		066BB826244ACD7200C607CC /* AppDelegate.swift in Sources */ = {isa = PBXBuildFile; fileRef = 066BB825244ACD7200C607CC /* AppDelegate.swift */; };
		066BB82A244ACD7200C607CC /* MainViewController.swift in Sources */ = {isa = PBXBuildFile; fileRef = 066BB829244ACD7200C607CC /* MainViewController.swift */; };
		066BB82D244ACD7200C607CC /* Main.storyboard in Resources */ = {isa = PBXBuildFile; fileRef = 066BB82B244ACD7200C607CC /* Main.storyboard */; };
		066BB82F244ACD7200C607CC /* Assets.xcassets in Resources */ = {isa = PBXBuildFile; fileRef = 066BB82E244ACD7200C607CC /* Assets.xcassets */; };
		066BB832244ACD7200C607CC /* LaunchScreen.storyboard in Resources */ = {isa = PBXBuildFile; fileRef = 066BB830244ACD7200C607CC /* LaunchScreen.storyboard */; };
		066BB83A244B0C1100C607CC /* ScrollViewController.swift in Sources */ = {isa = PBXBuildFile; fileRef = 066BB839244B0C1100C607CC /* ScrollViewController.swift */; };
		066BB83C244B0C1A00C607CC /* SignUpViewController.swift in Sources */ = {isa = PBXBuildFile; fileRef = 066BB83B244B0C1A00C607CC /* SignUpViewController.swift */; };
		06D6079224727F140042EDA4 /* LoginServiceProtocol.swift in Sources */ = {isa = PBXBuildFile; fileRef = 06D6079124727F140042EDA4 /* LoginServiceProtocol.swift */; };
		06D6079524727FDB0042EDA4 /* RequestURL.swift in Sources */ = {isa = PBXBuildFile; fileRef = 06D6079424727FDB0042EDA4 /* RequestURL.swift */; };
		06D6079724727FE20042EDA4 /* baseURL.swift in Sources */ = {isa = PBXBuildFile; fileRef = 06D6079624727FE20042EDA4 /* baseURL.swift */; };
		06D6079A247281ED0042EDA4 /* LoginServiceImp.swift in Sources */ = {isa = PBXBuildFile; fileRef = 06D60799247281ED0042EDA4 /* LoginServiceImp.swift */; };
		06D6079C2472895E0042EDA4 /* SignUpForm.swift in Sources */ = {isa = PBXBuildFile; fileRef = 06D6079B2472895E0042EDA4 /* SignUpForm.swift */; };
		06D6079E24728B570042EDA4 /* SimpleResponse.swift in Sources */ = {isa = PBXBuildFile; fileRef = 06D6079D24728B570042EDA4 /* SimpleResponse.swift */; };
		06D607A02472CC400042EDA4 /* UIView+Extension.swift in Sources */ = {isa = PBXBuildFile; fileRef = 06D6079F2472CC400042EDA4 /* UIView+Extension.swift */; };
		6D674AD26ACC5903810718A3 /* Pods_SOPT_iOS_Login.framework in Frameworks */ = {isa = PBXBuildFile; fileRef = E271286790A550E4FB86446C /* Pods_SOPT_iOS_Login.framework */; };
/* End PBXBuildFile section */

/* Begin PBXFileReference section */
		0627BBD02455DCEA0054A19C /* UILabel+Extension.swift */ = {isa = PBXFileReference; lastKnownFileType = sourcecode.swift; path = "UILabel+Extension.swift"; sourceTree = "<group>"; };
		0631934D246A899E009144BB /* FriendViewController.swift */ = {isa = PBXFileReference; lastKnownFileType = sourcecode.swift; path = FriendViewController.swift; sourceTree = "<group>"; };
		06319351246A8D5C009144BB /* MockFriendModel.swift */ = {isa = PBXFileReference; lastKnownFileType = sourcecode.swift; path = MockFriendModel.swift; sourceTree = "<group>"; };
		06319353246A9107009144BB /* FriendTableViewCell.swift */ = {isa = PBXFileReference; lastKnownFileType = sourcecode.swift; path = FriendTableViewCell.swift; sourceTree = "<group>"; };
		06319355246A9148009144BB /* HeaderTableViewCell.swift */ = {isa = PBXFileReference; lastKnownFileType = sourcecode.swift; path = HeaderTableViewCell.swift; sourceTree = "<group>"; };
		066BB822244ACD7200C607CC /* SOPT_iOS_Login.app */ = {isa = PBXFileReference; explicitFileType = wrapper.application; includeInIndex = 0; path = SOPT_iOS_Login.app; sourceTree = BUILT_PRODUCTS_DIR; };
		066BB825244ACD7200C607CC /* AppDelegate.swift */ = {isa = PBXFileReference; lastKnownFileType = sourcecode.swift; path = AppDelegate.swift; sourceTree = "<group>"; };
		066BB829244ACD7200C607CC /* MainViewController.swift */ = {isa = PBXFileReference; lastKnownFileType = sourcecode.swift; path = MainViewController.swift; sourceTree = "<group>"; };
		066BB82C244ACD7200C607CC /* Base */ = {isa = PBXFileReference; lastKnownFileType = file.storyboard; name = Base; path = Base.lproj/Main.storyboard; sourceTree = "<group>"; };
		066BB82E244ACD7200C607CC /* Assets.xcassets */ = {isa = PBXFileReference; lastKnownFileType = folder.assetcatalog; path = Assets.xcassets; sourceTree = "<group>"; };
		066BB831244ACD7200C607CC /* Base */ = {isa = PBXFileReference; lastKnownFileType = file.storyboard; name = Base; path = Base.lproj/LaunchScreen.storyboard; sourceTree = "<group>"; };
		066BB833244ACD7200C607CC /* Info.plist */ = {isa = PBXFileReference; lastKnownFileType = text.plist.xml; path = Info.plist; sourceTree = "<group>"; };
		066BB839244B0C1100C607CC /* ScrollViewController.swift */ = {isa = PBXFileReference; lastKnownFileType = sourcecode.swift; path = ScrollViewController.swift; sourceTree = "<group>"; };
		066BB83B244B0C1A00C607CC /* SignUpViewController.swift */ = {isa = PBXFileReference; lastKnownFileType = sourcecode.swift; path = SignUpViewController.swift; sourceTree = "<group>"; };
		06D6079124727F140042EDA4 /* LoginServiceProtocol.swift */ = {isa = PBXFileReference; lastKnownFileType = sourcecode.swift; path = LoginServiceProtocol.swift; sourceTree = "<group>"; };
		06D6079424727FDB0042EDA4 /* RequestURL.swift */ = {isa = PBXFileReference; lastKnownFileType = sourcecode.swift; path = RequestURL.swift; sourceTree = "<group>"; };
		06D6079624727FE20042EDA4 /* baseURL.swift */ = {isa = PBXFileReference; lastKnownFileType = sourcecode.swift; path = baseURL.swift; sourceTree = "<group>"; };
		06D60799247281ED0042EDA4 /* LoginServiceImp.swift */ = {isa = PBXFileReference; lastKnownFileType = sourcecode.swift; path = LoginServiceImp.swift; sourceTree = "<group>"; };
		06D6079B2472895E0042EDA4 /* SignUpForm.swift */ = {isa = PBXFileReference; lastKnownFileType = sourcecode.swift; path = SignUpForm.swift; sourceTree = "<group>"; };
		06D6079D24728B570042EDA4 /* SimpleResponse.swift */ = {isa = PBXFileReference; lastKnownFileType = sourcecode.swift; path = SimpleResponse.swift; sourceTree = "<group>"; };
		06D6079F2472CC400042EDA4 /* UIView+Extension.swift */ = {isa = PBXFileReference; lastKnownFileType = sourcecode.swift; path = "UIView+Extension.swift"; sourceTree = "<group>"; };
		4722F0BF48D796D97A749BA2 /* Pods-SOPT_iOS_Login.debug.xcconfig */ = {isa = PBXFileReference; includeInIndex = 1; lastKnownFileType = text.xcconfig; name = "Pods-SOPT_iOS_Login.debug.xcconfig"; path = "Target Support Files/Pods-SOPT_iOS_Login/Pods-SOPT_iOS_Login.debug.xcconfig"; sourceTree = "<group>"; };
		52A72500E25D9DB3F40131F3 /* Pods-SOPT_iOS_Login.release.xcconfig */ = {isa = PBXFileReference; includeInIndex = 1; lastKnownFileType = text.xcconfig; name = "Pods-SOPT_iOS_Login.release.xcconfig"; path = "Target Support Files/Pods-SOPT_iOS_Login/Pods-SOPT_iOS_Login.release.xcconfig"; sourceTree = "<group>"; };
		E271286790A550E4FB86446C /* Pods_SOPT_iOS_Login.framework */ = {isa = PBXFileReference; explicitFileType = wrapper.framework; includeInIndex = 0; path = Pods_SOPT_iOS_Login.framework; sourceTree = BUILT_PRODUCTS_DIR; };
/* End PBXFileReference section */

/* Begin PBXFrameworksBuildPhase section */
		066BB81F244ACD7200C607CC /* Frameworks */ = {
			isa = PBXFrameworksBuildPhase;
			buildActionMask = 2147483647;
			files = (
				6D674AD26ACC5903810718A3 /* Pods_SOPT_iOS_Login.framework in Frameworks */,
			);
			runOnlyForDeploymentPostprocessing = 0;
		};
/* End PBXFrameworksBuildPhase section */

/* Begin PBXGroup section */
		06319343246A8815009144BB /* Screens */ = {
			isa = PBXGroup;
			children = (
				06319349246A889E009144BB /* Splash */,
				06319345246A8822009144BB /* Main */,
			);
			path = Screens;
			sourceTree = "<group>";
		};
		06319344246A881C009144BB /* Views */ = {
			isa = PBXGroup;
			children = (
				06319350246A8D18009144BB /* Cell */,
				06319347246A8841009144BB /* StoryBoard */,
			);
			path = Views;
			sourceTree = "<group>";
		};
		06319345246A8822009144BB /* Main */ = {
			isa = PBXGroup;
			children = (
				06D6079024727EF00042EDA4 /* Services */,
				0631934F246A8D13009144BB /* Model */,
				06319344246A881C009144BB /* Views */,
				066BB829244ACD7200C607CC /* MainViewController.swift */,
				066BB839244B0C1100C607CC /* ScrollViewController.swift */,
				066BB83B244B0C1A00C607CC /* SignUpViewController.swift */,
				0631934D246A899E009144BB /* FriendViewController.swift */,
			);
			path = Main;
			sourceTree = "<group>";
		};
		06319347246A8841009144BB /* StoryBoard */ = {
			isa = PBXGroup;
			children = (
				066BB82B244ACD7200C607CC /* Main.storyboard */,
			);
			path = StoryBoard;
			sourceTree = "<group>";
		};
		06319348246A8848009144BB /* Support */ = {
			isa = PBXGroup;
			children = (
				066BB825244ACD7200C607CC /* AppDelegate.swift */,
				066BB82E244ACD7200C607CC /* Assets.xcassets */,
				066BB833244ACD7200C607CC /* Info.plist */,
			);
			path = Support;
			sourceTree = "<group>";
		};
		06319349246A889E009144BB /* Splash */ = {
			isa = PBXGroup;
			children = (
				0631934A246A88A6009144BB /* Views */,
			);
			path = Splash;
			sourceTree = "<group>";
		};
		0631934A246A88A6009144BB /* Views */ = {
			isa = PBXGroup;
			children = (
				0631934B246A88BA009144BB /* StoryBoard */,
			);
			path = Views;
			sourceTree = "<group>";
		};
		0631934B246A88BA009144BB /* StoryBoard */ = {
			isa = PBXGroup;
			children = (
				066BB830244ACD7200C607CC /* LaunchScreen.storyboard */,
			);
			path = StoryBoard;
			sourceTree = "<group>";
		};
		0631934C246A88D5009144BB /* GlobalExtension */ = {
			isa = PBXGroup;
			children = (
				06D6079F2472CC400042EDA4 /* UIView+Extension.swift */,
				0627BBD02455DCEA0054A19C /* UILabel+Extension.swift */,
			);
			path = GlobalExtension;
			sourceTree = "<group>";
		};
		0631934F246A8D13009144BB /* Model */ = {
			isa = PBXGroup;
			children = (
				06D6079B2472895E0042EDA4 /* SignUpForm.swift */,
				06D6079D24728B570042EDA4 /* SimpleResponse.swift */,
			);
			path = Model;
			sourceTree = "<group>";
		};
		06319350246A8D18009144BB /* Cell */ = {
			isa = PBXGroup;
			children = (
				06319351246A8D5C009144BB /* MockFriendModel.swift */,
				06319353246A9107009144BB /* FriendTableViewCell.swift */,
				06319355246A9148009144BB /* HeaderTableViewCell.swift */,
			);
			path = Cell;
			sourceTree = "<group>";
		};
		066BB819244ACD7200C607CC = {
			isa = PBXGroup;
			children = (
				066BB824244ACD7200C607CC /* SOPT_iOS_Login */,
				066BB823244ACD7200C607CC /* Products */,
				A4B70B09A47F1EB36AA510E3 /* Pods */,
				8F374F64B2F7756FD46EEDC9 /* Frameworks */,
			);
			sourceTree = "<group>";
		};
		066BB823244ACD7200C607CC /* Products */ = {
			isa = PBXGroup;
			children = (
				066BB822244ACD7200C607CC /* SOPT_iOS_Login.app */,
			);
			name = Products;
			sourceTree = "<group>";
		};
		066BB824244ACD7200C607CC /* SOPT_iOS_Login */ = {
			isa = PBXGroup;
			children = (
				06D6079324727FC80042EDA4 /* Network */,
				0631934C246A88D5009144BB /* GlobalExtension */,
				06319348246A8848009144BB /* Support */,
				06319343246A8815009144BB /* Screens */,
			);
			path = SOPT_iOS_Login;
			sourceTree = "<group>";
		};
		06D6079024727EF00042EDA4 /* Services */ = {
			isa = PBXGroup;
			children = (
				06D60798247281E10042EDA4 /* Protocol */,
				06D60799247281ED0042EDA4 /* LoginServiceImp.swift */,
			);
			path = Services;
			sourceTree = "<group>";
		};
		06D6079324727FC80042EDA4 /* Network */ = {
			isa = PBXGroup;
			children = (
				06D6079424727FDB0042EDA4 /* RequestURL.swift */,
				06D6079624727FE20042EDA4 /* baseURL.swift */,
			);
			path = Network;
			sourceTree = "<group>";
		};
		06D60798247281E10042EDA4 /* Protocol */ = {
			isa = PBXGroup;
			children = (
				06D6079124727F140042EDA4 /* LoginServiceProtocol.swift */,
			);
			path = Protocol;
			sourceTree = "<group>";
		};
		8F374F64B2F7756FD46EEDC9 /* Frameworks */ = {
			isa = PBXGroup;
			children = (
				E271286790A550E4FB86446C /* Pods_SOPT_iOS_Login.framework */,
			);
			name = Frameworks;
			sourceTree = "<group>";
		};
		A4B70B09A47F1EB36AA510E3 /* Pods */ = {
			isa = PBXGroup;
			children = (
				4722F0BF48D796D97A749BA2 /* Pods-SOPT_iOS_Login.debug.xcconfig */,
				52A72500E25D9DB3F40131F3 /* Pods-SOPT_iOS_Login.release.xcconfig */,
			);
			path = Pods;
			sourceTree = "<group>";
		};
/* End PBXGroup section */

/* Begin PBXNativeTarget section */
		066BB821244ACD7200C607CC /* SOPT_iOS_Login */ = {
			isa = PBXNativeTarget;
			buildConfigurationList = 066BB836244ACD7200C607CC /* Build configuration list for PBXNativeTarget "SOPT_iOS_Login" */;
			buildPhases = (
				46FD722FF4A3B87AA6DFCB2A /* [CP] Check Pods Manifest.lock */,
				066BB81E244ACD7200C607CC /* Sources */,
				066BB81F244ACD7200C607CC /* Frameworks */,
				066BB820244ACD7200C607CC /* Resources */,
				D92E0E0E1FF3EB228C859109 /* [CP] Embed Pods Frameworks */,
			);
			buildRules = (
			);
			dependencies = (
			);
			name = SOPT_iOS_Login;
			productName = SOPT_iOS_Login;
			productReference = 066BB822244ACD7200C607CC /* SOPT_iOS_Login.app */;
			productType = "com.apple.product-type.application";
		};
/* End PBXNativeTarget section */

/* Begin PBXProject section */
		066BB81A244ACD7200C607CC /* Project object */ = {
			isa = PBXProject;
			attributes = {
				LastSwiftUpdateCheck = 1130;
				LastUpgradeCheck = 1130;
				ORGANIZATIONNAME = "남수김";
				TargetAttributes = {
					066BB821244ACD7200C607CC = {
						CreatedOnToolsVersion = 11.3.1;
					};
				};
			};
			buildConfigurationList = 066BB81D244ACD7200C607CC /* Build configuration list for PBXProject "SOPT_iOS_Login" */;
			compatibilityVersion = "Xcode 9.3";
			developmentRegion = en;
			hasScannedForEncodings = 0;
			knownRegions = (
				en,
				Base,
			);
			mainGroup = 066BB819244ACD7200C607CC;
			productRefGroup = 066BB823244ACD7200C607CC /* Products */;
			projectDirPath = "";
			projectRoot = "";
			targets = (
				066BB821244ACD7200C607CC /* SOPT_iOS_Login */,
			);
		};
/* End PBXProject section */

/* Begin PBXResourcesBuildPhase section */
		066BB820244ACD7200C607CC /* Resources */ = {
			isa = PBXResourcesBuildPhase;
			buildActionMask = 2147483647;
			files = (
				066BB832244ACD7200C607CC /* LaunchScreen.storyboard in Resources */,
				066BB82F244ACD7200C607CC /* Assets.xcassets in Resources */,
				066BB82D244ACD7200C607CC /* Main.storyboard in Resources */,
			);
			runOnlyForDeploymentPostprocessing = 0;
		};
/* End PBXResourcesBuildPhase section */

/* Begin PBXShellScriptBuildPhase section */
		46FD722FF4A3B87AA6DFCB2A /* [CP] Check Pods Manifest.lock */ = {
			isa = PBXShellScriptBuildPhase;
			buildActionMask = 2147483647;
			files = (
			);
			inputFileListPaths = (
			);
			inputPaths = (
				"${PODS_PODFILE_DIR_PATH}/Podfile.lock",
				"${PODS_ROOT}/Manifest.lock",
			);
			name = "[CP] Check Pods Manifest.lock";
			outputFileListPaths = (
			);
			outputPaths = (
				"$(DERIVED_FILE_DIR)/Pods-SOPT_iOS_Login-checkManifestLockResult.txt",
			);
			runOnlyForDeploymentPostprocessing = 0;
			shellPath = /bin/sh;
			shellScript = "diff \"${PODS_PODFILE_DIR_PATH}/Podfile.lock\" \"${PODS_ROOT}/Manifest.lock\" > /dev/null\nif [ $? != 0 ] ; then\n    # print error to STDERR\n    echo \"error: The sandbox is not in sync with the Podfile.lock. Run 'pod install' or update your CocoaPods installation.\" >&2\n    exit 1\nfi\n# This output is used by Xcode 'outputs' to avoid re-running this script phase.\necho \"SUCCESS\" > \"${SCRIPT_OUTPUT_FILE_0}\"\n";
			showEnvVarsInLog = 0;
		};
		D92E0E0E1FF3EB228C859109 /* [CP] Embed Pods Frameworks */ = {
			isa = PBXShellScriptBuildPhase;
			buildActionMask = 2147483647;
			files = (
			);
			inputFileListPaths = (
				"${PODS_ROOT}/Target Support Files/Pods-SOPT_iOS_Login/Pods-SOPT_iOS_Login-frameworks-${CONFIGURATION}-input-files.xcfilelist",
			);
			name = "[CP] Embed Pods Frameworks";
			outputFileListPaths = (
				"${PODS_ROOT}/Target Support Files/Pods-SOPT_iOS_Login/Pods-SOPT_iOS_Login-frameworks-${CONFIGURATION}-output-files.xcfilelist",
			);
			runOnlyForDeploymentPostprocessing = 0;
			shellPath = /bin/sh;
			shellScript = "\"${PODS_ROOT}/Target Support Files/Pods-SOPT_iOS_Login/Pods-SOPT_iOS_Login-frameworks.sh\"\n";
			showEnvVarsInLog = 0;
		};
/* End PBXShellScriptBuildPhase section */

/* Begin PBXSourcesBuildPhase section */
		066BB81E244ACD7200C607CC /* Sources */ = {
			isa = PBXSourcesBuildPhase;
			buildActionMask = 2147483647;
			files = (
				0631934E246A899E009144BB /* FriendViewController.swift in Sources */,
				06319356246A9148009144BB /* HeaderTableViewCell.swift in Sources */,
				06D607A02472CC400042EDA4 /* UIView+Extension.swift in Sources */,
				06D6079A247281ED0042EDA4 /* LoginServiceImp.swift in Sources */,
				06D6079524727FDB0042EDA4 /* RequestURL.swift in Sources */,
				066BB83A244B0C1100C607CC /* ScrollViewController.swift in Sources */,
				066BB82A244ACD7200C607CC /* MainViewController.swift in Sources */,
				06D6079E24728B570042EDA4 /* SimpleResponse.swift in Sources */,
				0627BBD12455DCEA0054A19C /* UILabel+Extension.swift in Sources */,
				06D6079724727FE20042EDA4 /* baseURL.swift in Sources */,
				06319352246A8D5C009144BB /* MockFriendModel.swift in Sources */,
				066BB826244ACD7200C607CC /* AppDelegate.swift in Sources */,
				06D6079224727F140042EDA4 /* LoginServiceProtocol.swift in Sources */,
				066BB83C244B0C1A00C607CC /* SignUpViewController.swift in Sources */,
				06319354246A9107009144BB /* FriendTableViewCell.swift in Sources */,
				06D6079C2472895E0042EDA4 /* SignUpForm.swift in Sources */,
			);
			runOnlyForDeploymentPostprocessing = 0;
		};
/* End PBXSourcesBuildPhase section */

/* Begin PBXVariantGroup section */
		066BB82B244ACD7200C607CC /* Main.storyboard */ = {
			isa = PBXVariantGroup;
			children = (
				066BB82C244ACD7200C607CC /* Base */,
			);
			name = Main.storyboard;
			sourceTree = "<group>";
		};
		066BB830244ACD7200C607CC /* LaunchScreen.storyboard */ = {
			isa = PBXVariantGroup;
			children = (
				066BB831244ACD7200C607CC /* Base */,
			);
			name = LaunchScreen.storyboard;
			sourceTree = "<group>";
		};
/* End PBXVariantGroup section */

/* Begin XCBuildConfiguration section */
		066BB834244ACD7200C607CC /* Debug */ = {
			isa = XCBuildConfiguration;
			buildSettings = {
				ALWAYS_SEARCH_USER_PATHS = NO;
				CLANG_ANALYZER_NONNULL = YES;
				CLANG_ANALYZER_NUMBER_OBJECT_CONVERSION = YES_AGGRESSIVE;
				CLANG_CXX_LANGUAGE_STANDARD = "gnu++14";
				CLANG_CXX_LIBRARY = "libc++";
				CLANG_ENABLE_MODULES = YES;
				CLANG_ENABLE_OBJC_ARC = YES;
				CLANG_ENABLE_OBJC_WEAK = YES;
				CLANG_WARN_BLOCK_CAPTURE_AUTORELEASING = YES;
				CLANG_WARN_BOOL_CONVERSION = YES;
				CLANG_WARN_COMMA = YES;
				CLANG_WARN_CONSTANT_CONVERSION = YES;
				CLANG_WARN_DEPRECATED_OBJC_IMPLEMENTATIONS = YES;
				CLANG_WARN_DIRECT_OBJC_ISA_USAGE = YES_ERROR;
				CLANG_WARN_DOCUMENTATION_COMMENTS = YES;
				CLANG_WARN_EMPTY_BODY = YES;
				CLANG_WARN_ENUM_CONVERSION = YES;
				CLANG_WARN_INFINITE_RECURSION = YES;
				CLANG_WARN_INT_CONVERSION = YES;
				CLANG_WARN_NON_LITERAL_NULL_CONVERSION = YES;
				CLANG_WARN_OBJC_IMPLICIT_RETAIN_SELF = YES;
				CLANG_WARN_OBJC_LITERAL_CONVERSION = YES;
				CLANG_WARN_OBJC_ROOT_CLASS = YES_ERROR;
				CLANG_WARN_RANGE_LOOP_ANALYSIS = YES;
				CLANG_WARN_STRICT_PROTOTYPES = YES;
				CLANG_WARN_SUSPICIOUS_MOVE = YES;
				CLANG_WARN_UNGUARDED_AVAILABILITY = YES_AGGRESSIVE;
				CLANG_WARN_UNREACHABLE_CODE = YES;
				CLANG_WARN__DUPLICATE_METHOD_MATCH = YES;
				COPY_PHASE_STRIP = NO;
				DEBUG_INFORMATION_FORMAT = dwarf;
				ENABLE_STRICT_OBJC_MSGSEND = YES;
				ENABLE_TESTABILITY = YES;
				GCC_C_LANGUAGE_STANDARD = gnu11;
				GCC_DYNAMIC_NO_PIC = NO;
				GCC_NO_COMMON_BLOCKS = YES;
				GCC_OPTIMIZATION_LEVEL = 0;
				GCC_PREPROCESSOR_DEFINITIONS = (
					"DEBUG=1",
					"$(inherited)",
				);
				GCC_WARN_64_TO_32_BIT_CONVERSION = YES;
				GCC_WARN_ABOUT_RETURN_TYPE = YES_ERROR;
				GCC_WARN_UNDECLARED_SELECTOR = YES;
				GCC_WARN_UNINITIALIZED_AUTOS = YES_AGGRESSIVE;
				GCC_WARN_UNUSED_FUNCTION = YES;
				GCC_WARN_UNUSED_VARIABLE = YES;
				IPHONEOS_DEPLOYMENT_TARGET = 13.2;
				MTL_ENABLE_DEBUG_INFO = INCLUDE_SOURCE;
				MTL_FAST_MATH = YES;
				ONLY_ACTIVE_ARCH = YES;
				SDKROOT = iphoneos;
				SWIFT_ACTIVE_COMPILATION_CONDITIONS = DEBUG;
				SWIFT_OPTIMIZATION_LEVEL = "-Onone";
			};
			name = Debug;
		};
		066BB835244ACD7200C607CC /* Release */ = {
			isa = XCBuildConfiguration;
			buildSettings = {
				ALWAYS_SEARCH_USER_PATHS = NO;
				CLANG_ANALYZER_NONNULL = YES;
				CLANG_ANALYZER_NUMBER_OBJECT_CONVERSION = YES_AGGRESSIVE;
				CLANG_CXX_LANGUAGE_STANDARD = "gnu++14";
				CLANG_CXX_LIBRARY = "libc++";
				CLANG_ENABLE_MODULES = YES;
				CLANG_ENABLE_OBJC_ARC = YES;
				CLANG_ENABLE_OBJC_WEAK = YES;
				CLANG_WARN_BLOCK_CAPTURE_AUTORELEASING = YES;
				CLANG_WARN_BOOL_CONVERSION = YES;
				CLANG_WARN_COMMA = YES;
				CLANG_WARN_CONSTANT_CONVERSION = YES;
				CLANG_WARN_DEPRECATED_OBJC_IMPLEMENTATIONS = YES;
				CLANG_WARN_DIRECT_OBJC_ISA_USAGE = YES_ERROR;
				CLANG_WARN_DOCUMENTATION_COMMENTS = YES;
				CLANG_WARN_EMPTY_BODY = YES;
				CLANG_WARN_ENUM_CONVERSION = YES;
				CLANG_WARN_INFINITE_RECURSION = YES;
				CLANG_WARN_INT_CONVERSION = YES;
				CLANG_WARN_NON_LITERAL_NULL_CONVERSION = YES;
				CLANG_WARN_OBJC_IMPLICIT_RETAIN_SELF = YES;
				CLANG_WARN_OBJC_LITERAL_CONVERSION = YES;
				CLANG_WARN_OBJC_ROOT_CLASS = YES_ERROR;
				CLANG_WARN_RANGE_LOOP_ANALYSIS = YES;
				CLANG_WARN_STRICT_PROTOTYPES = YES;
				CLANG_WARN_SUSPICIOUS_MOVE = YES;
				CLANG_WARN_UNGUARDED_AVAILABILITY = YES_AGGRESSIVE;
				CLANG_WARN_UNREACHABLE_CODE = YES;
				CLANG_WARN__DUPLICATE_METHOD_MATCH = YES;
				COPY_PHASE_STRIP = NO;
				DEBUG_INFORMATION_FORMAT = "dwarf-with-dsym";
				ENABLE_NS_ASSERTIONS = NO;
				ENABLE_STRICT_OBJC_MSGSEND = YES;
				GCC_C_LANGUAGE_STANDARD = gnu11;
				GCC_NO_COMMON_BLOCKS = YES;
				GCC_WARN_64_TO_32_BIT_CONVERSION = YES;
				GCC_WARN_ABOUT_RETURN_TYPE = YES_ERROR;
				GCC_WARN_UNDECLARED_SELECTOR = YES;
				GCC_WARN_UNINITIALIZED_AUTOS = YES_AGGRESSIVE;
				GCC_WARN_UNUSED_FUNCTION = YES;
				GCC_WARN_UNUSED_VARIABLE = YES;
				IPHONEOS_DEPLOYMENT_TARGET = 13.2;
				MTL_ENABLE_DEBUG_INFO = NO;
				MTL_FAST_MATH = YES;
				SDKROOT = iphoneos;
				SWIFT_COMPILATION_MODE = wholemodule;
				SWIFT_OPTIMIZATION_LEVEL = "-O";
				VALIDATE_PRODUCT = YES;
			};
			name = Release;
		};
		066BB837244ACD7200C607CC /* Debug */ = {
			isa = XCBuildConfiguration;
			baseConfigurationReference = 4722F0BF48D796D97A749BA2 /* Pods-SOPT_iOS_Login.debug.xcconfig */;
			buildSettings = {
				ASSETCATALOG_COMPILER_APPICON_NAME = AppIcon;
				CODE_SIGN_STYLE = Automatic;
				DEVELOPMENT_TEAM = 7Z2CV7TB8R;
				INFOPLIST_FILE = SOPT_iOS_Login/Support/Info.plist;
				LD_RUNPATH_SEARCH_PATHS = (
					"$(inherited)",
					"@executable_path/Frameworks",
				);
				PRODUCT_BUNDLE_IDENTIFIER = "ns.SOPT-iOS-Login";
				PRODUCT_NAME = "$(TARGET_NAME)";
				SWIFT_VERSION = 5.0;
				TARGETED_DEVICE_FAMILY = "1,2";
			};
			name = Debug;
		};
		066BB838244ACD7200C607CC /* Release */ = {
			isa = XCBuildConfiguration;
			baseConfigurationReference = 52A72500E25D9DB3F40131F3 /* Pods-SOPT_iOS_Login.release.xcconfig */;
			buildSettings = {
				ASSETCATALOG_COMPILER_APPICON_NAME = AppIcon;
				CODE_SIGN_STYLE = Automatic;
				DEVELOPMENT_TEAM = 7Z2CV7TB8R;
				INFOPLIST_FILE = SOPT_iOS_Login/Support/Info.plist;
				LD_RUNPATH_SEARCH_PATHS = (
					"$(inherited)",
					"@executable_path/Frameworks",
				);
				PRODUCT_BUNDLE_IDENTIFIER = "ns.SOPT-iOS-Login";
				PRODUCT_NAME = "$(TARGET_NAME)";
				SWIFT_VERSION = 5.0;
				TARGETED_DEVICE_FAMILY = "1,2";
			};
			name = Release;
		};
/* End XCBuildConfiguration section */

/* Begin XCConfigurationList section */
		066BB81D244ACD7200C607CC /* Build configuration list for PBXProject "SOPT_iOS_Login" */ = {
			isa = XCConfigurationList;
			buildConfigurations = (
				066BB834244ACD7200C607CC /* Debug */,
				066BB835244ACD7200C607CC /* Release */,
			);
			defaultConfigurationIsVisible = 0;
			defaultConfigurationName = Release;
		};
		066BB836244ACD7200C607CC /* Build configuration list for PBXNativeTarget "SOPT_iOS_Login" */ = {
			isa = XCConfigurationList;
			buildConfigurations = (
				066BB837244ACD7200C607CC /* Debug */,
				066BB838244ACD7200C607CC /* Release */,
			);
			defaultConfigurationIsVisible = 0;
			defaultConfigurationName = Release;
		};
/* End XCConfigurationList section */
	};
	rootObject = 066BB81A244ACD7200C607CC /* Project object */;
}
